
Microsoft Visual Studio Solution File, Format Version 12.00
# Visual Studio 15
VisualStudioVersion = 15.0.28307.106
MinimumVisualStudioVersion = 10.0.40219.1
Project("{FAE04EC0-301F-11D3-BF4B-00C04F79EFBC}") = "MovieApp", "MovieApp\MovieApp\MovieApp.csproj", "{9755E0B4-6A8E-4BD8-B1CB-FF8154DEC838}"
EndProject
Project("{FAE04EC0-301F-11D3-BF4B-00C04F79EFBC}") = "MovieApp.Android", "MovieApp\MovieApp.Android\MovieApp.Android.csproj", "{4156DBCE-543A-4616-9E40-BEF3E81FD9D7}"
EndProject
Project("{FAE04EC0-301F-11D3-BF4B-00C04F79EFBC}") = "MovieApp.iOS", "MovieApp\MovieApp.iOS\MovieApp.iOS.csproj", "{94B469CE-12DE-4271-99B5-5823E077B1F1}"
EndProject
Global
	GlobalSection(SolutionConfigurationPlatforms) = preSolution
		Ad-Hoc|Any CPU = Ad-Hoc|Any CPU
		Ad-Hoc|iPhone = Ad-Hoc|iPhone
		Ad-Hoc|iPhoneSimulator = Ad-Hoc|iPhoneSimulator
		AppStore|Any CPU = AppStore|Any CPU
		AppStore|iPhone = AppStore|iPhone
		AppStore|iPhoneSimulator = AppStore|iPhoneSimulator
		Debug|Any CPU = Debug|Any CPU
		Debug|iPhone = Debug|iPhone
		Debug|iPhoneSimulator = Debug|iPhoneSimulator
		Release|Any CPU = Release|Any CPU
		Release|iPhone = Release|iPhone
		Release|iPhoneSimulator = Release|iPhoneSimulator
	EndGlobalSection
	GlobalSection(ProjectConfigurationPlatforms) = postSolution
		{9755E0B4-6A8E-4BD8-B1CB-FF8154DEC838}.Ad-Hoc|Any CPU.ActiveCfg = Debug|Any CPU
		{9755E0B4-6A8E-4BD8-B1CB-FF8154DEC838}.Ad-Hoc|Any CPU.Build.0 = Debug|Any CPU
		{9755E0B4-6A8E-4BD8-B1CB-FF8154DEC838}.Ad-Hoc|iPhone.ActiveCfg = Debug|Any CPU
		{9755E0B4-6A8E-4BD8-B1CB-FF8154DEC838}.Ad-Hoc|iPhone.Build.0 = Debug|Any CPU
		{9755E0B4-6A8E-4BD8-B1CB-FF8154DEC838}.Ad-Hoc|iPhoneSimulator.ActiveCfg = Debug|Any CPU
		{9755E0B4-6A8E-4BD8-B1CB-FF8154DEC838}.Ad-Hoc|iPhoneSimulator.Build.0 = Debug|Any CPU
		{9755E0B4-6A8E-4BD8-B1CB-FF8154DEC838}.AppStore|Any CPU.ActiveCfg = Debug|Any CPU
		{9755E0B4-6A8E-4BD8-B1CB-FF8154DEC838}.AppStore|Any CPU.Build.0 = Debug|Any CPU
		{9755E0B4-6A8E-4BD8-B1CB-FF8154DEC838}.AppStore|iPhone.ActiveCfg = Debug|Any CPU
		{9755E0B4-6A8E-4BD8-B1CB-FF8154DEC838}.AppStore|iPhone.Build.0 = Debug|Any CPU
		{9755E0B4-6A8E-4BD8-B1CB-FF8154DEC838}.AppStore|iPhoneSimulator.ActiveCfg = Debug|Any CPU
		{9755E0B4-6A8E-4BD8-B1CB-FF8154DEC838}.AppStore|iPhoneSimulator.Build.0 = Debug|Any CPU
		{9755E0B4-6A8E-4BD8-B1CB-FF8154DEC838}.Debug|Any CPU.ActiveCfg = Debug|Any CPU
		{9755E0B4-6A8E-4BD8-B1CB-FF8154DEC838}.Debug|Any CPU.Build.0 = Debug|Any CPU
		{9755E0B4-6A8E-4BD8-B1CB-FF8154DEC838}.Debug|iPhone.ActiveCfg = Debug|Any CPU
		{9755E0B4-6A8E-4BD8-B1CB-FF8154DEC838}.Debug|iPhone.Build.0 = Debug|Any CPU
		{9755E0B4-6A8E-4BD8-B1CB-FF8154DEC838}.Debug|iPhoneSimulator.ActiveCfg = Debug|Any CPU
		{9755E0B4-6A8E-4BD8-B1CB-FF8154DEC838}.Debug|iPhoneSimulator.Build.0 = Debug|Any CPU
		{9755E0B4-6A8E-4BD8-B1CB-FF8154DEC838}.Release|Any CPU.ActiveCfg = Release|Any CPU
		{9755E0B4-6A8E-4BD8-B1CB-FF8154DEC838}.Release|Any CPU.Build.0 = Release|Any CPU
		{9755E0B4-6A8E-4BD8-B1CB-FF8154DEC838}.Release|iPhone.ActiveCfg = Release|Any CPU
		{9755E0B4-6A8E-4BD8-B1CB-FF8154DEC838}.Release|iPhone.Build.0 = Release|Any CPU
		{9755E0B4-6A8E-4BD8-B1CB-FF8154DEC838}.Release|iPhoneSimulator.ActiveCfg = Release|Any CPU
		{9755E0B4-6A8E-4BD8-B1CB-FF8154DEC838}.Release|iPhoneSimulator.Build.0 = Release|Any CPU
		{4156DBCE-543A-4616-9E40-BEF3E81FD9D7}.Ad-Hoc|Any CPU.ActiveCfg = Release|Any CPU
		{4156DBCE-543A-4616-9E40-BEF3E81FD9D7}.Ad-Hoc|Any CPU.Build.0 = Release|Any CPU
		{4156DBCE-543A-4616-9E40-BEF3E81FD9D7}.Ad-Hoc|Any CPU.Deploy.0 = Release|Any CPU
		{4156DBCE-543A-4616-9E40-BEF3E81FD9D7}.Ad-Hoc|iPhone.ActiveCfg = Release|Any CPU
		{4156DBCE-543A-4616-9E40-BEF3E81FD9D7}.Ad-Hoc|iPhone.Build.0 = Release|Any CPU
		{4156DBCE-543A-4616-9E40-BEF3E81FD9D7}.Ad-Hoc|iPhone.Deploy.0 = Release|Any CPU
		{4156DBCE-543A-4616-9E40-BEF3E81FD9D7}.Ad-Hoc|iPhoneSimulator.ActiveCfg = Release|Any CPU
		{4156DBCE-543A-4616-9E40-BEF3E81FD9D7}.Ad-Hoc|iPhoneSimulator.Build.0 = Release|Any CPU
		{4156DBCE-543A-4616-9E40-BEF3E81FD9D7}.Ad-Hoc|iPhoneSimulator.Deploy.0 = Release|Any CPU
		{4156DBCE-543A-4616-9E40-BEF3E81FD9D7}.AppStore|Any CPU.ActiveCfg = Release|Any CPU
		{4156DBCE-543A-4616-9E40-BEF3E81FD9D7}.AppStore|Any CPU.Build.0 = Release|Any CPU
		{4156DBCE-543A-4616-9E40-BEF3E81FD9D7}.AppStore|Any CPU.Deploy.0 = Release|Any CPU
		{4156DBCE-543A-4616-9E40-BEF3E81FD9D7}.AppStore|iPhone.ActiveCfg = Release|Any CPU
		{4156DBCE-543A-4616-9E40-BEF3E81FD9D7}.AppStore|iPhone.Build.0 = Release|Any CPU
		{4156DBCE-543A-4616-9E40-BEF3E81FD9D7}.AppStore|iPhone.Deploy.0 = Release|Any CPU
		{4156DBCE-543A-4616-9E40-BEF3E81FD9D7}.AppStore|iPhoneSimulator.ActiveCfg = Release|Any CPU
		{4156DBCE-543A-4616-9E40-BEF3E81FD9D7}.AppStore|iPhoneSimulator.Build.0 = Release|Any CPU
		{4156DBCE-543A-4616-9E40-BEF3E81FD9D7}.AppStore|iPhoneSimulator.Deploy.0 = Release|Any CPU
		{4156DBCE-543A-4616-9E40-BEF3E81FD9D7}.Debug|Any CPU.ActiveCfg = Debug|Any CPU
		{4156DBCE-543A-4616-9E40-BEF3E81FD9D7}.Debug|Any CPU.Build.0 = Debug|Any CPU
		{4156DBCE-543A-4616-9E40-BEF3E81FD9D7}.Debug|Any CPU.Deploy.0 = Debug|Any CPU
		{4156DBCE-543A-4616-9E40-BEF3E81FD9D7}.Debug|iPhone.ActiveCfg = Debug|Any CPU
		{4156DBCE-543A-4616-9E40-BEF3E81FD9D7}.Debug|iPhone.Build.0 = Debug|Any CPU
		{4156DBCE-543A-4616-9E40-BEF3E81FD9D7}.Debug|iPhone.Deploy.0 = Debug|Any CPU
		{4156DBCE-543A-4616-9E40-BEF3E81FD9D7}.Debug|iPhoneSimulator.ActiveCfg = Debug|Any CPU
		{4156DBCE-543A-4616-9E40-BEF3E81FD9D7}.Debug|iPhoneSimulator.Build.0 = Debug|Any CPU
		{4156DBCE-543A-4616-9E40-BEF3E81FD9D7}.Debug|iPhoneSimulator.Deploy.0 = Debug|Any CPU
		{4156DBCE-543A-4616-9E40-BEF3E81FD9D7}.Release|Any CPU.ActiveCfg = Release|Any CPU
		{4156DBCE-543A-4616-9E40-BEF3E81FD9D7}.Release|Any CPU.Build.0 = Release|Any CPU
		{4156DBCE-543A-4616-9E40-BEF3E81FD9D7}.Release|Any CPU.Deploy.0 = Release|Any CPU
		{4156DBCE-543A-4616-9E40-BEF3E81FD9D7}.Release|iPhone.ActiveCfg = Release|Any CPU
		{4156DBCE-543A-4616-9E40-BEF3E81FD9D7}.Release|iPhone.Build.0 = Release|Any CPU
		{4156DBCE-543A-4616-9E40-BEF3E81FD9D7}.Release|iPhone.Deploy.0 = Release|Any CPU
		{4156DBCE-543A-4616-9E40-BEF3E81FD9D7}.Release|iPhoneSimulator.ActiveCfg = Release|Any CPU
		{4156DBCE-543A-4616-9E40-BEF3E81FD9D7}.Release|iPhoneSimulator.Build.0 = Release|Any CPU
		{4156DBCE-543A-4616-9E40-BEF3E81FD9D7}.Release|iPhoneSimulator.Deploy.0 = Release|Any CPU
		{94B469CE-12DE-4271-99B5-5823E077B1F1}.Ad-Hoc|Any CPU.ActiveCfg = Ad-Hoc|iPhone
		{94B469CE-12DE-4271-99B5-5823E077B1F1}.Ad-Hoc|iPhone.ActiveCfg = Ad-Hoc|iPhone
		{94B469CE-12DE-4271-99B5-5823E077B1F1}.Ad-Hoc|iPhone.Build.0 = Ad-Hoc|iPhone
		{94B469CE-12DE-4271-99B5-5823E077B1F1}.Ad-Hoc|iPhoneSimulator.ActiveCfg = Ad-Hoc|iPhoneSimulator
		{94B469CE-12DE-4271-99B5-5823E077B1F1}.Ad-Hoc|iPhoneSimulator.Build.0 = Ad-Hoc|iPhoneSimulator
		{94B469CE-12DE-4271-99B5-5823E077B1F1}.AppStore|Any CPU.ActiveCfg = AppStore|iPhone
		{94B469CE-12DE-4271-99B5-5823E077B1F1}.AppStore|iPhone.ActiveCfg = AppStore|iPhone
		{94B469CE-12DE-4271-99B5-5823E077B1F1}.AppStore|iPhone.Build.0 = AppStore|iPhone
		{94B469CE-12DE-4271-99B5-5823E077B1F1}.AppStore|iPhoneSimulator.ActiveCfg = AppStore|iPhoneSimulator
		{94B469CE-12DE-4271-99B5-5823E077B1F1}.AppStore|iPhoneSimulator.Build.0 = AppStore|iPhoneSimulator
		{94B469CE-12DE-4271-99B5-5823E077B1F1}.Debug|Any CPU.ActiveCfg = Debug|iPhone
		{94B469CE-12DE-4271-99B5-5823E077B1F1}.Debug|iPhone.ActiveCfg = Debug|iPhone
		{94B469CE-12DE-4271-99B5-5823E077B1F1}.Debug|iPhone.Build.0 = Debug|iPhone
		{94B469CE-12DE-4271-99B5-5823E077B1F1}.Debug|iPhoneSimulator.ActiveCfg = Debug|iPhoneSimulator
		{94B469CE-12DE-4271-99B5-5823E077B1F1}.Debug|iPhoneSimulator.Build.0 = Debug|iPhoneSimulator
		{94B469CE-12DE-4271-99B5-5823E077B1F1}.Release|Any CPU.ActiveCfg = Release|iPhone
		{94B469CE-12DE-4271-99B5-5823E077B1F1}.Release|iPhone.ActiveCfg = Release|iPhone
		{94B469CE-12DE-4271-99B5-5823E077B1F1}.Release|iPhone.Build.0 = Release|iPhone
		{94B469CE-12DE-4271-99B5-5823E077B1F1}.Release|iPhoneSimulator.ActiveCfg = Release|iPhoneSimulator
		{94B469CE-12DE-4271-99B5-5823E077B1F1}.Release|iPhoneSimulator.Build.0 = Release|iPhoneSimulator
	EndGlobalSection
	GlobalSection(SolutionProperties) = preSolution
		HideSolutionNode = FALSE
	EndGlobalSection
	GlobalSection(ExtensibilityGlobals) = postSolution
		SolutionGuid = {6A83BA61-5F59-473A-A501-5BA4A31D439F}
	EndGlobalSection
EndGlobal
